
Microsoft Visual Studio Solution File, Format Version 12.00
# Visual Studio 14
VisualStudioVersion = 14.0.24720.0
MinimumVisualStudioVersion = 10.0.40219.1
Project("{E24C65DC-7377-472B-9ABA-BC803B73C61A}") = "Saitti", "Saitti\", "{3E07E2B3-CB80-4885-B897-D2149243510F}"
	ProjectSection(WebsiteProperties) = preProject
		TargetFrameworkMoniker = ".NETFramework,Version%3Dv4.5"
		Debug.AspNetCompiler.VirtualPath = "/localhost_13303"
		Debug.AspNetCompiler.PhysicalPath = "Saitti\"
		Debug.AspNetCompiler.TargetPath = "PrecompiledWeb\localhost_13303\"
		Debug.AspNetCompiler.Updateable = "true"
		Debug.AspNetCompiler.ForceOverwrite = "true"
		Debug.AspNetCompiler.FixedNames = "false"
		Debug.AspNetCompiler.Debug = "True"
		Release.AspNetCompiler.VirtualPath = "/localhost_13303"
		Release.AspNetCompiler.PhysicalPath = "Saitti\"
		Release.AspNetCompiler.TargetPath = "PrecompiledWeb\localhost_13303\"
		Release.AspNetCompiler.Updateable = "true"
		Release.AspNetCompiler.ForceOverwrite = "true"
		Release.AspNetCompiler.FixedNames = "false"
		Release.AspNetCompiler.Debug = "False"
		VWDPort = "13303"
		SlnRelativePath = "Saitti\"
	EndProjectSection
EndProject
Project("{E24C65DC-7377-472B-9ABA-BC803B73C61A}") = "Tehtava1", "Tehtava1\", "{52A25DDD-CACC-4D96-BC6C-A919491EB239}"
	ProjectSection(WebsiteProperties) = preProject
		TargetFrameworkMoniker = ".NETFramework,Version%3Dv4.5.2"
		Debug.AspNetCompiler.VirtualPath = "/localhost_18609"
		Debug.AspNetCompiler.PhysicalPath = "Tehtava1\"
		Debug.AspNetCompiler.TargetPath = "PrecompiledWeb\localhost_18609\"
		Debug.AspNetCompiler.Updateable = "true"
		Debug.AspNetCompiler.ForceOverwrite = "true"
		Debug.AspNetCompiler.FixedNames = "false"
		Debug.AspNetCompiler.Debug = "True"
		Release.AspNetCompiler.VirtualPath = "/localhost_18609"
		Release.AspNetCompiler.PhysicalPath = "Tehtava1\"
		Release.AspNetCompiler.TargetPath = "PrecompiledWeb\localhost_18609\"
		Release.AspNetCompiler.Updateable = "true"
		Release.AspNetCompiler.ForceOverwrite = "true"
		Release.AspNetCompiler.FixedNames = "false"
		Release.AspNetCompiler.Debug = "False"
		VWDPort = "18609"
		DefaultWebSiteLanguage = "Visual C#"
	EndProjectSection
EndProject
Project("{E24C65DC-7377-472B-9ABA-BC803B73C61A}") = "Tehtava2", "Tehtava2\", "{71C4E1AB-918C-4305-AA35-DA7DC2F9502B}"
	ProjectSection(WebsiteProperties) = preProject
		TargetFrameworkMoniker = ".NETFramework,Version%3Dv4.5.2"
		Debug.AspNetCompiler.VirtualPath = "/localhost_7516"
		Debug.AspNetCompiler.PhysicalPath = "Tehtava2\"
		Debug.AspNetCompiler.TargetPath = "PrecompiledWeb\localhost_7516\"
		Debug.AspNetCompiler.Updateable = "true"
		Debug.AspNetCompiler.ForceOverwrite = "true"
		Debug.AspNetCompiler.FixedNames = "false"
		Debug.AspNetCompiler.Debug = "True"
		Release.AspNetCompiler.VirtualPath = "/localhost_7516"
		Release.AspNetCompiler.PhysicalPath = "Tehtava2\"
		Release.AspNetCompiler.TargetPath = "PrecompiledWeb\localhost_7516\"
		Release.AspNetCompiler.Updateable = "true"
		Release.AspNetCompiler.ForceOverwrite = "true"
		Release.AspNetCompiler.FixedNames = "false"
		Release.AspNetCompiler.Debug = "False"
		VWDPort = "7516"
		DefaultWebSiteLanguage = "Visual C#"
	EndProjectSection
EndProject
Project("{E24C65DC-7377-472B-9ABA-BC803B73C61A}") = "Tehtava3", "Tehtava3\", "{391699DC-E3AB-4767-8A22-20BDBA70A796}"
	ProjectSection(WebsiteProperties) = preProject
		TargetFrameworkMoniker = ".NETFramework,Version%3Dv4.5.2"
		Debug.AspNetCompiler.VirtualPath = "/localhost_12261"
		Debug.AspNetCompiler.PhysicalPath = "Tehtava3\"
		Debug.AspNetCompiler.TargetPath = "PrecompiledWeb\localhost_12261\"
		Debug.AspNetCompiler.Updateable = "true"
		Debug.AspNetCompiler.ForceOverwrite = "true"
		Debug.AspNetCompiler.FixedNames = "false"
		Debug.AspNetCompiler.Debug = "True"
		Release.AspNetCompiler.VirtualPath = "/localhost_12261"
		Release.AspNetCompiler.PhysicalPath = "Tehtava3\"
		Release.AspNetCompiler.TargetPath = "PrecompiledWeb\localhost_12261\"
		Release.AspNetCompiler.Updateable = "true"
		Release.AspNetCompiler.ForceOverwrite = "true"
		Release.AspNetCompiler.FixedNames = "false"
		Release.AspNetCompiler.Debug = "False"
		VWDPort = "12261"
		DefaultWebSiteLanguage = "Visual C#"
	EndProjectSection
EndProject
Project("{E24C65DC-7377-472B-9ABA-BC803B73C61A}") = "Tehtava4", "Tehtava4\", "{C8457174-0727-41D4-A8CF-96ED349FEC75}"
	ProjectSection(WebsiteProperties) = preProject
		TargetFrameworkMoniker = ".NETFramework,Version%3Dv4.5.2"
		Debug.AspNetCompiler.VirtualPath = "/localhost_6067"
		Debug.AspNetCompiler.PhysicalPath = "Tehtava4\"
		Debug.AspNetCompiler.TargetPath = "PrecompiledWeb\localhost_6067\"
		Debug.AspNetCompiler.Updateable = "true"
		Debug.AspNetCompiler.ForceOverwrite = "true"
		Debug.AspNetCompiler.FixedNames = "false"
		Debug.AspNetCompiler.Debug = "True"
		Release.AspNetCompiler.VirtualPath = "/localhost_6067"
		Release.AspNetCompiler.PhysicalPath = "Tehtava4\"
		Release.AspNetCompiler.TargetPath = "PrecompiledWeb\localhost_6067\"
		Release.AspNetCompiler.Updateable = "true"
		Release.AspNetCompiler.ForceOverwrite = "true"
		Release.AspNetCompiler.FixedNames = "false"
		Release.AspNetCompiler.Debug = "False"
		VWDPort = "6067"
		DefaultWebSiteLanguage = "Visual C#"
	EndProjectSection
EndProject
Project("{E24C65DC-7377-472B-9ABA-BC803B73C61A}") = "Tehtava9", "Tehtava9\", "{335AEF7F-E145-4A78-AD9F-CB6CC59DE0F1}"
	ProjectSection(WebsiteProperties) = preProject
		TargetFrameworkMoniker = ".NETFramework,Version%3Dv4.5.2"
		Debug.AspNetCompiler.VirtualPath = "/localhost_53702"
		Debug.AspNetCompiler.PhysicalPath = "Tehtava9\"
		Debug.AspNetCompiler.TargetPath = "PrecompiledWeb\localhost_53702\"
		Debug.AspNetCompiler.Updateable = "true"
		Debug.AspNetCompiler.ForceOverwrite = "true"
		Debug.AspNetCompiler.FixedNames = "false"
		Debug.AspNetCompiler.Debug = "True"
		Release.AspNetCompiler.VirtualPath = "/localhost_53702"
		Release.AspNetCompiler.PhysicalPath = "Tehtava9\"
		Release.AspNetCompiler.TargetPath = "PrecompiledWeb\localhost_53702\"
		Release.AspNetCompiler.Updateable = "true"
		Release.AspNetCompiler.ForceOverwrite = "true"
		Release.AspNetCompiler.FixedNames = "false"
		Release.AspNetCompiler.Debug = "False"
		VWDPort = "53702"
		DefaultWebSiteLanguage = "Visual C#"
	EndProjectSection
EndProject
Project("{E24C65DC-7377-472B-9ABA-BC803B73C61A}") = "Tehtava6", "Tehtava6\", "{DBADCF13-DE49-4E43-AC39-79603250116E}"
	ProjectSection(WebsiteProperties) = preProject
		TargetFrameworkMoniker = ".NETFramework,Version%3Dv4.5.2"
		Debug.AspNetCompiler.VirtualPath = "/localhost_22223"
		Debug.AspNetCompiler.PhysicalPath = "Tehtava6\"
		Debug.AspNetCompiler.TargetPath = "PrecompiledWeb\localhost_22223\"
		Debug.AspNetCompiler.Updateable = "true"
		Debug.AspNetCompiler.ForceOverwrite = "true"
		Debug.AspNetCompiler.FixedNames = "false"
		Debug.AspNetCompiler.Debug = "True"
		Release.AspNetCompiler.VirtualPath = "/localhost_22223"
		Release.AspNetCompiler.PhysicalPath = "Tehtava6\"
		Release.AspNetCompiler.TargetPath = "PrecompiledWeb\localhost_22223\"
		Release.AspNetCompiler.Updateable = "true"
		Release.AspNetCompiler.ForceOverwrite = "true"
		Release.AspNetCompiler.FixedNames = "false"
		Release.AspNetCompiler.Debug = "False"
		VWDPort = "22223"
		DefaultWebSiteLanguage = "Visual C#"
	EndProjectSection
EndProject
Project("{E24C65DC-7377-472B-9ABA-BC803B73C61A}") = "Tehtava8", "Tehtava8\", "{709A2462-3089-4C7D-AD31-2EF84D28A1E5}"
	ProjectSection(WebsiteProperties) = preProject
		TargetFrameworkMoniker = ".NETFramework,Version%3Dv4.5.2"
		Debug.AspNetCompiler.VirtualPath = "/localhost_9639"
		Debug.AspNetCompiler.PhysicalPath = "Tehtava8\"
		Debug.AspNetCompiler.TargetPath = "PrecompiledWeb\localhost_9639\"
		Debug.AspNetCompiler.Updateable = "true"
		Debug.AspNetCompiler.ForceOverwrite = "true"
		Debug.AspNetCompiler.FixedNames = "false"
		Debug.AspNetCompiler.Debug = "True"
		Release.AspNetCompiler.VirtualPath = "/localhost_9639"
		Release.AspNetCompiler.PhysicalPath = "Tehtava8\"
		Release.AspNetCompiler.TargetPath = "PrecompiledWeb\localhost_9639\"
		Release.AspNetCompiler.Updateable = "true"
		Release.AspNetCompiler.ForceOverwrite = "true"
		Release.AspNetCompiler.FixedNames = "false"
		Release.AspNetCompiler.Debug = "False"
		VWDPort = "9639"
		DefaultWebSiteLanguage = "Visual C#"
	EndProjectSection
EndProject
Project("{E24C65DC-7377-472B-9ABA-BC803B73C61A}") = "Tehtava7", "Tehtava7\", "{1091D84C-A3CC-4104-B662-2289F59244CC}"
	ProjectSection(WebsiteProperties) = preProject
		TargetFrameworkMoniker = ".NETFramework,Version%3Dv4.5.2"
		Debug.AspNetCompiler.VirtualPath = "/localhost_1862"
		Debug.AspNetCompiler.PhysicalPath = "Tehtava7\"
		Debug.AspNetCompiler.TargetPath = "PrecompiledWeb\localhost_1862\"
		Debug.AspNetCompiler.Updateable = "true"
		Debug.AspNetCompiler.ForceOverwrite = "true"
		Debug.AspNetCompiler.FixedNames = "false"
		Debug.AspNetCompiler.Debug = "True"
		Release.AspNetCompiler.VirtualPath = "/localhost_1862"
		Release.AspNetCompiler.PhysicalPath = "Tehtava7\"
		Release.AspNetCompiler.TargetPath = "PrecompiledWeb\localhost_1862\"
		Release.AspNetCompiler.Updateable = "true"
		Release.AspNetCompiler.ForceOverwrite = "true"
		Release.AspNetCompiler.FixedNames = "false"
		Release.AspNetCompiler.Debug = "False"
		VWDPort = "1862"
		DefaultWebSiteLanguage = "Visual C#"
	EndProjectSection
EndProject
Project("{E24C65DC-7377-472B-9ABA-BC803B73C61A}") = "Tehtava5", "Tehtava5\", "{F4848EAD-5789-4BDC-BD3E-78AB7748D00D}"
	ProjectSection(WebsiteProperties) = preProject
		TargetFrameworkMoniker = ".NETFramework,Version%3Dv4.5.2"
		Debug.AspNetCompiler.VirtualPath = "/localhost_1296"
		Debug.AspNetCompiler.PhysicalPath = "Tehtava5\"
		Debug.AspNetCompiler.TargetPath = "PrecompiledWeb\localhost_1296\"
		Debug.AspNetCompiler.Updateable = "true"
		Debug.AspNetCompiler.ForceOverwrite = "true"
		Debug.AspNetCompiler.FixedNames = "false"
		Debug.AspNetCompiler.Debug = "True"
		Release.AspNetCompiler.VirtualPath = "/localhost_1296"
		Release.AspNetCompiler.PhysicalPath = "Tehtava5\"
		Release.AspNetCompiler.TargetPath = "PrecompiledWeb\localhost_1296\"
		Release.AspNetCompiler.Updateable = "true"
		Release.AspNetCompiler.ForceOverwrite = "true"
		Release.AspNetCompiler.FixedNames = "false"
		Release.AspNetCompiler.Debug = "False"
		VWDPort = "1296"
		DefaultWebSiteLanguage = "Visual C#"
	EndProjectSection
EndProject
Global
	GlobalSection(SolutionConfigurationPlatforms) = preSolution
		Debug|Any CPU = Debug|Any CPU
		Release|Any CPU = Release|Any CPU
	EndGlobalSection
	GlobalSection(ProjectConfigurationPlatforms) = postSolution
		{3E07E2B3-CB80-4885-B897-D2149243510F}.Debug|Any CPU.ActiveCfg = Debug|Any CPU
		{3E07E2B3-CB80-4885-B897-D2149243510F}.Debug|Any CPU.Build.0 = Debug|Any CPU
		{3E07E2B3-CB80-4885-B897-D2149243510F}.Release|Any CPU.ActiveCfg = Debug|Any CPU
		{3E07E2B3-CB80-4885-B897-D2149243510F}.Release|Any CPU.Build.0 = Debug|Any CPU
		{52A25DDD-CACC-4D96-BC6C-A919491EB239}.Debug|Any CPU.ActiveCfg = Debug|Any CPU
		{52A25DDD-CACC-4D96-BC6C-A919491EB239}.Debug|Any CPU.Build.0 = Debug|Any CPU
		{52A25DDD-CACC-4D96-BC6C-A919491EB239}.Release|Any CPU.ActiveCfg = Debug|Any CPU
		{52A25DDD-CACC-4D96-BC6C-A919491EB239}.Release|Any CPU.Build.0 = Debug|Any CPU
		{71C4E1AB-918C-4305-AA35-DA7DC2F9502B}.Debug|Any CPU.ActiveCfg = Debug|Any CPU
		{71C4E1AB-918C-4305-AA35-DA7DC2F9502B}.Debug|Any CPU.Build.0 = Debug|Any CPU
		{71C4E1AB-918C-4305-AA35-DA7DC2F9502B}.Release|Any CPU.ActiveCfg = Debug|Any CPU
		{71C4E1AB-918C-4305-AA35-DA7DC2F9502B}.Release|Any CPU.Build.0 = Debug|Any CPU
		{391699DC-E3AB-4767-8A22-20BDBA70A796}.Debug|Any CPU.ActiveCfg = Debug|Any CPU
		{391699DC-E3AB-4767-8A22-20BDBA70A796}.Debug|Any CPU.Build.0 = Debug|Any CPU
		{391699DC-E3AB-4767-8A22-20BDBA70A796}.Release|Any CPU.ActiveCfg = Debug|Any CPU
		{391699DC-E3AB-4767-8A22-20BDBA70A796}.Release|Any CPU.Build.0 = Debug|Any CPU
		{C8457174-0727-41D4-A8CF-96ED349FEC75}.Debug|Any CPU.ActiveCfg = Debug|Any CPU
		{C8457174-0727-41D4-A8CF-96ED349FEC75}.Debug|Any CPU.Build.0 = Debug|Any CPU
		{C8457174-0727-41D4-A8CF-96ED349FEC75}.Release|Any CPU.ActiveCfg = Debug|Any CPU
		{C8457174-0727-41D4-A8CF-96ED349FEC75}.Release|Any CPU.Build.0 = Debug|Any CPU
		{335AEF7F-E145-4A78-AD9F-CB6CC59DE0F1}.Debug|Any CPU.ActiveCfg = Debug|Any CPU
		{335AEF7F-E145-4A78-AD9F-CB6CC59DE0F1}.Debug|Any CPU.Build.0 = Debug|Any CPU
		{335AEF7F-E145-4A78-AD9F-CB6CC59DE0F1}.Release|Any CPU.ActiveCfg = Debug|Any CPU
		{335AEF7F-E145-4A78-AD9F-CB6CC59DE0F1}.Release|Any CPU.Build.0 = Debug|Any CPU
		{DBADCF13-DE49-4E43-AC39-79603250116E}.Debug|Any CPU.ActiveCfg = Debug|Any CPU
		{DBADCF13-DE49-4E43-AC39-79603250116E}.Debug|Any CPU.Build.0 = Debug|Any CPU
		{DBADCF13-DE49-4E43-AC39-79603250116E}.Release|Any CPU.ActiveCfg = Debug|Any CPU
		{DBADCF13-DE49-4E43-AC39-79603250116E}.Release|Any CPU.Build.0 = Debug|Any CPU
		{709A2462-3089-4C7D-AD31-2EF84D28A1E5}.Debug|Any CPU.ActiveCfg = Debug|Any CPU
		{709A2462-3089-4C7D-AD31-2EF84D28A1E5}.Debug|Any CPU.Build.0 = Debug|Any CPU
		{709A2462-3089-4C7D-AD31-2EF84D28A1E5}.Release|Any CPU.ActiveCfg = Debug|Any CPU
		{709A2462-3089-4C7D-AD31-2EF84D28A1E5}.Release|Any CPU.Build.0 = Debug|Any CPU
		{1091D84C-A3CC-4104-B662-2289F59244CC}.Debug|Any CPU.ActiveCfg = Debug|Any CPU
		{1091D84C-A3CC-4104-B662-2289F59244CC}.Debug|Any CPU.Build.0 = Debug|Any CPU
		{1091D84C-A3CC-4104-B662-2289F59244CC}.Release|Any CPU.ActiveCfg = Debug|Any CPU
		{1091D84C-A3CC-4104-B662-2289F59244CC}.Release|Any CPU.Build.0 = Debug|Any CPU
		{F4848EAD-5789-4BDC-BD3E-78AB7748D00D}.Debug|Any CPU.ActiveCfg = Debug|Any CPU
		{F4848EAD-5789-4BDC-BD3E-78AB7748D00D}.Debug|Any CPU.Build.0 = Debug|Any CPU
		{F4848EAD-5789-4BDC-BD3E-78AB7748D00D}.Release|Any CPU.ActiveCfg = Debug|Any CPU
		{F4848EAD-5789-4BDC-BD3E-78AB7748D00D}.Release|Any CPU.Build.0 = Debug|Any CPU
	EndGlobalSection
	GlobalSection(SolutionProperties) = preSolution
		HideSolutionNode = FALSE
	EndGlobalSection
EndGlobal
